{
    "_meta": {
        "hash": {
            "sha256": "e4142576eb3be5f3ae718a245933e3cd808f70ce6dcf552fac2c064a9919aae4"
        },
        "pipfile-spec": 6,
        "requires": {
            "python_version": "3.9"
        },
        "sources": [
            {
                "name": "pypi",
                "url": "https://pypi.org/simple",
                "verify_ssl": true
            }
        ]
    },
    "default": {
        "backoff": {
            "hashes": [
                "sha256:7adde5c86f467d78dbecc804421254128e011f628890f44167b825551a088e87",
                "sha256:9305c4ddde0c015d866895d7f3a660af2f2f25742d900e53e0903aa8c092b57c"
            ],
            "index": "pypi",
            "version": "==2.0.0"
        },
        "bitvector-for-humans": {
            "hashes": [
                "sha256:41bd430cc698f3712e36b32c1ac0d4420ceb230d8fdbf6c3489243f470457305",
                "sha256:7e9fe5e3d82f3c12c9da7271870564c721be18949bc42113ba46e16811da40c7"
            ],
            "markers": "python_version >= '3.7' and python_version < '4.0'",
            "version": "==0.14.1"
        },
        "busylight-for-humans": {
            "hashes": [
                "sha256:3cf1fc2991460be9479582a5699c1e4bdd92c87d318fd13110aba7fcb4015dd4",
                "sha256:ae8f9aaec679538f1aee81434b0e791502f5c2a6cf8b80487d37e4b3b9b3b20f"
            ],
            "index": "pypi",
            "version": "==0.15.4"
        },
        "certifi": {
            "hashes": [
                "sha256:78884e7c1d4b00ce3cea67b44566851c4343c120abd683433ce934a68ea58872",
                "sha256:d62a0163eb4c2344ac042ab2bdf75399a71a2d8c7d47eac2e2ee91b9d6339569"
            ],
            "version": "==2021.10.8"
        },
        "cffi": {
            "hashes": [
                "sha256:00c878c90cb53ccfaae6b8bc18ad05d2036553e6d9d1d9dbcf323bbe83854ca3",
                "sha256:0104fb5ae2391d46a4cb082abdd5c69ea4eab79d8d44eaaf79f1b1fd806ee4c2",
                "sha256:06c48159c1abed75c2e721b1715c379fa3200c7784271b3c46df01383b593636",
                "sha256:0808014eb713677ec1292301ea4c81ad277b6cdf2fdd90fd540af98c0b101d20",
                "sha256:10dffb601ccfb65262a27233ac273d552ddc4d8ae1bf93b21c94b8511bffe728",
                "sha256:14cd121ea63ecdae71efa69c15c5543a4b5fbcd0bbe2aad864baca0063cecf27",
                "sha256:17771976e82e9f94976180f76468546834d22a7cc404b17c22df2a2c81db0c66",
                "sha256:181dee03b1170ff1969489acf1c26533710231c58f95534e3edac87fff06c443",
                "sha256:23cfe892bd5dd8941608f93348c0737e369e51c100d03718f108bf1add7bd6d0",
                "sha256:263cc3d821c4ab2213cbe8cd8b355a7f72a8324577dc865ef98487c1aeee2bc7",
                "sha256:2756c88cbb94231c7a147402476be2c4df2f6078099a6f4a480d239a8817ae39",
                "sha256:27c219baf94952ae9d50ec19651a687b826792055353d07648a5695413e0c605",
                "sha256:2a23af14f408d53d5e6cd4e3d9a24ff9e05906ad574822a10563efcef137979a",
                "sha256:31fb708d9d7c3f49a60f04cf5b119aeefe5644daba1cd2a0fe389b674fd1de37",
                "sha256:3415c89f9204ee60cd09b235810be700e993e343a408693e80ce7f6a40108029",
                "sha256:3773c4d81e6e818df2efbc7dd77325ca0dcb688116050fb2b3011218eda36139",
                "sha256:3b96a311ac60a3f6be21d2572e46ce67f09abcf4d09344c49274eb9e0bf345fc",
                "sha256:3f7d084648d77af029acb79a0ff49a0ad7e9d09057a9bf46596dac9514dc07df",
                "sha256:41d45de54cd277a7878919867c0f08b0cf817605e4eb94093e7516505d3c8d14",
                "sha256:4238e6dab5d6a8ba812de994bbb0a79bddbdf80994e4ce802b6f6f3142fcc880",
                "sha256:45db3a33139e9c8f7c09234b5784a5e33d31fd6907800b316decad50af323ff2",
                "sha256:45e8636704eacc432a206ac7345a5d3d2c62d95a507ec70d62f23cd91770482a",
                "sha256:4958391dbd6249d7ad855b9ca88fae690783a6be9e86df65865058ed81fc860e",
                "sha256:4a306fa632e8f0928956a41fa8e1d6243c71e7eb59ffbd165fc0b41e316b2474",
                "sha256:57e9ac9ccc3101fac9d6014fba037473e4358ef4e89f8e181f8951a2c0162024",
                "sha256:59888172256cac5629e60e72e86598027aca6bf01fa2465bdb676d37636573e8",
                "sha256:5e069f72d497312b24fcc02073d70cb989045d1c91cbd53979366077959933e0",
                "sha256:64d4ec9f448dfe041705426000cc13e34e6e5bb13736e9fd62e34a0b0c41566e",
                "sha256:6dc2737a3674b3e344847c8686cf29e500584ccad76204efea14f451d4cc669a",
                "sha256:74fdfdbfdc48d3f47148976f49fab3251e550a8720bebc99bf1483f5bfb5db3e",
                "sha256:75e4024375654472cc27e91cbe9eaa08567f7fbdf822638be2814ce059f58032",
                "sha256:786902fb9ba7433aae840e0ed609f45c7bcd4e225ebb9c753aa39725bb3e6ad6",
                "sha256:8b6c2ea03845c9f501ed1313e78de148cd3f6cad741a75d43a29b43da27f2e1e",
                "sha256:91d77d2a782be4274da750752bb1650a97bfd8f291022b379bb8e01c66b4e96b",
                "sha256:91ec59c33514b7c7559a6acda53bbfe1b283949c34fe7440bcf917f96ac0723e",
                "sha256:920f0d66a896c2d99f0adbb391f990a84091179542c205fa53ce5787aff87954",
                "sha256:a5263e363c27b653a90078143adb3d076c1a748ec9ecc78ea2fb916f9b861962",
                "sha256:abb9a20a72ac4e0fdb50dae135ba5e77880518e742077ced47eb1499e29a443c",
                "sha256:c2051981a968d7de9dd2d7b87bcb9c939c74a34626a6e2f8181455dd49ed69e4",
                "sha256:c21c9e3896c23007803a875460fb786118f0cdd4434359577ea25eb556e34c55",
                "sha256:c2502a1a03b6312837279c8c1bd3ebedf6c12c4228ddbad40912d671ccc8a962",
                "sha256:d4d692a89c5cf08a8557fdeb329b82e7bf609aadfaed6c0d79f5a449a3c7c023",
                "sha256:da5db4e883f1ce37f55c667e5c0de439df76ac4cb55964655906306918e7363c",
                "sha256:e7022a66d9b55e93e1a845d8c9eba2a1bebd4966cd8bfc25d9cd07d515b33fa6",
                "sha256:ef1f279350da2c586a69d32fc8733092fd32cc8ac95139a00377841f59a3f8d8",
                "sha256:f54a64f8b0c8ff0b64d18aa76675262e1700f3995182267998c31ae974fbc382",
                "sha256:f5c7150ad32ba43a07c4479f40241756145a1f03b43480e058cfd862bf5041c7",
                "sha256:f6f824dc3bce0edab5f427efcfb1d63ee75b6fcb7282900ccaf925be84efb0fc",
                "sha256:fd8a250edc26254fe5b33be00402e6d287f562b6a5b2152dec302fa15bb3e997",
                "sha256:ffaa5c925128e29efbde7301d8ecaf35c8c60ffbcd6a1ffd3a552177c8e5e796"
            ],
            "version": "==1.15.0"
        },
        "charset-normalizer": {
            "hashes": [
                "sha256:2857e29ff0d34db842cd7ca3230549d1a697f96ee6d3fb071cfa6c7393832597",
                "sha256:6881edbebdb17b39b4eaaa821b438bf6eddffb4468cf344f09f89def34a8b1df"
            ],
            "markers": "python_version >= '3'",
            "version": "==2.0.12"
        },
        "click": {
            "hashes": [
                "sha256:24e1a4a9ec5bf6299411369b208c1df2188d9eb8d916302fe6bf03faed227f1e",
                "sha256:479707fe14d9ec9a0757618b7a100a0ae4c4e236fac5b7f80ca68028141a1a72"
            ],
            "markers": "python_version >= '3.7'",
            "version": "==8.1.2"
        },
        "cryptography": {
            "hashes": [
                "sha256:0234bdb18620ed16bf186f0591aea0bbc321ecaf59c859d5f5cbe7b646d8377e",
                "sha256:183d6a540659c6a729c08971f09f3fb1044c89dd5af9d6f18da824a071f5445d",
                "sha256:1af4f31870ef2180aba1c04f6d957461a570c8cabcc4b5ac7fabf2b4a0364ea0",
                "sha256:2d3d8a69d262ba27923466194bef637150aef286b11b160e087992206ac32f0c",
                "sha256:2dfd682771c04c7e85a4b4ea6aa1682a3fd6f4d9845468fa6ba512b80a560a8d",
                "sha256:4c52cb32ea0b9798234823d37c93cab8004c574b2d224f048cd5829d0639387b",
                "sha256:57273f69b334c6d30f4d27abc7fb9c919ef4c6193af64420572808302bb45768",
                "sha256:5a761fc1ff0eae360a80656bea462c3163dfaa8093b2fa0f72af929217b14a97",
                "sha256:5c2517a2c58213ee62b36ee9ece4a710179ddb07db90e31d7619e7ea472c9dc3",
                "sha256:710b9041fb97cc576e288b5f96583578ed352dd60608a402045405c388522b94",
                "sha256:8921428ca6403d7eb52ee0e728e8b02601060a5791f6d64c8a3a12b5722064af",
                "sha256:bc54780dd8f7236874ac29fc155c5cf811f7d910e5f0575932a38bdaac3b5146",
                "sha256:bf893131cd79dc8eaf4940b3aa2f4a68eba050471f5deacfaedea6aab04f574f",
                "sha256:cab59c774125596fa72f1decc5805894313b40f370a7c75597e37f0211027944",
                "sha256:d119feb387ce2df9bfb92e5785df9094325cfa974e2e6aa08c8e4a8b56786afe",
                "sha256:d426093df7f00de859bad45d6a09fdab9b8e4c6e46ea897dd0a302b94c7f6871",
                "sha256:d886b2c9f8d1ab0916673bc3c89dd04fc6e6591861872c9f08402b0ab2843b82",
                "sha256:d97479d943d549d4a78f044b0620a7d349191ed40933ffabff1cc5875e20682c",
                "sha256:db1b9516e3072e0342287e06779bec84118bd780f794c8c07bd5da142a526103",
                "sha256:e86734f28656f6fd5993ab32bd2d2680c3b8341d6f875faf5212bc78715db2a4",
                "sha256:ebdc9c4b3577bb76b0defebe4ef8b866da5228a1c53fbbf394b7677fe292fee9",
                "sha256:eee79c6c16949ed817c8cf288e6e124c4b8996e3312d9e7884c71cf9bdda212e"
            ],
            "markers": "python_version >= '3.6'",
            "version": "==37.0.0"
        },
        "hidapi": {
            "hashes": [
                "sha256:0053afb387e660273db3cf252434cd5181c561725ed442cd44024ec2b5c97bbe",
                "sha256:0be398136fa5fd6ed7648ca7df675100312a2158c39e1de059ea1d4f88e61046",
                "sha256:1752c396e0d22ba896712005d9e9dfdad3ac3217446bef0008de126b51dc82c6",
                "sha256:175588e3e671198668d9d67ed6e8d48b10d02f46e1998e734f1c212e76f7df6f",
                "sha256:1c799d60ec870106c3aea58ac09239849f42ca062ecad5dccadf516e205c55a5",
                "sha256:3a031dab7380de39f2e81974e7d788f81a5ea7de3862cec42a382ecae9f20885",
                "sha256:3af72e81caa8678c82764ea6f09e3d5b616ada59415a6c1e2ae791a604e60a82",
                "sha256:41b16d2df7eaaa5d47773b0d768d6a05d3731728ccb6ef4c2e19caa6d7e39136",
                "sha256:4955c649edb0e1418110bfb6591ec5eda29f2b978a8e87b18d0a8bd8e28ffb63",
                "sha256:5100b267e60eac1ef5e023342838029c41800b61fe9a4de31d94d9126eab4211",
                "sha256:54137df3e14d679db0b7574dcb21cbdb001a2faa3ec47c49b17cd4f1e237dce3",
                "sha256:54ddf36f9b71d37846c60cc0a7777824a078b4e65c06c6dbd201eec538ecfbd3",
                "sha256:5827fd38577304a20268a4da22f4766af3052c33706760fec04f90326dcca5d5",
                "sha256:6308ec52a970a491a5a7d888f081d08d523d06a912bdf84fc4d3b109f69876b8",
                "sha256:6cf804d58fd6b7f7064577f5ded6487e1466005815a9d83f1f3329432c7e418c",
                "sha256:7539ec488e91839c2c17d4a394990fa64ae4149e397ea859596ef6669b6aa23d",
                "sha256:80b1c110f87af3a6fedad3a0aa1a7a55745aee60470f271d3c333b61da0b1113",
                "sha256:8320e916dda08d8b38f2552c3fbf63e77212a15b0c1f04dcb604fdd3b3fb825d",
                "sha256:8e3b01acd0ea20d3635284eb3b1b64c322b86b3036f91367dc4f0bf11281013a",
                "sha256:94da1fd2f83a5a378069c4365624ad55f009284c056c3edd7a811184464b4c78",
                "sha256:95a50f408716eb3a36bf16939c4f5b7a7940c8ca704272e67144c5eecb27c5c5",
                "sha256:990683ca81eda551cb0e14efa487fb552a11901be06293167f60bf92e80b7cc3",
                "sha256:a10fd1d7071e47c5b16a9ad8014adbce2b5dafacd50c7ffcec56e19c8efc50ae",
                "sha256:a202b2a83feacffe9bad076d3b01cd43589d80456d23dd4cfede78e45b27242d",
                "sha256:b2f03f03027c53d3b427c015937515faaf72d42fc3ef8ac7b8cffafb9e03c44c",
                "sha256:b3452b5e4cd9ab330ff098cfe7c71ecf3418874efe94f121353ac1b5208fa14f",
                "sha256:c65b5de57d078ce4b723be1341afe479ad0987d4ba859ae3b1085f21643e13f3",
                "sha256:c984b7ec2fc2ea987cd44cf06947e55572498ed2d43c64890b4ab58b29af72bc",
                "sha256:ce9347211e1c9e57fed8784fc8a9dec3295d14a4ea955e62c8f00a28eaac662e",
                "sha256:cfd605193ebc0aa3ae71595a9aa33e0a1bbfb172a02c97bbd51bed5e03404fbf",
                "sha256:d1c4ceea536e3a323c057f1dd1b2394a5db13c73393e17b6127e9d9ff9dba276",
                "sha256:e63a7904f2fadab3976240695adc0775f4a473817fa0bcd9230383e70793f538",
                "sha256:f9319f8ea5d6f28737355a8462e1ccee6019b3d2d81a462e54b43acc53f63c36",
                "sha256:fbac1cdd5277aef5c682e31a02638b8b88bbd2b7fdfa271561a86181ef231428"
            ],
            "version": "==0.11.2"
        },
        "idna": {
            "hashes": [
                "sha256:84d9dd047ffa80596e0f246e2eab0b391788b0503584e8945f2368256d2735ff",
                "sha256:9d643ff0a55b762d5cdb124b8eaa99c66322e2157b69160bc32796e824360e6d"
            ],
            "markers": "python_version >= '3'",
            "version": "==3.3"
        },
        "jeepney": {
            "hashes": [
                "sha256:5efe48d255973902f6badc3ce55e2aa6c5c3b3bc642059ef3a91247bcfcc5806",
                "sha256:c0a454ad016ca575060802ee4d590dd912e35c122fa04e70306de3d076cce755"
            ],
            "markers": "sys_platform == 'linux'",
            "version": "==0.8.0"
        },
        "jsons": {
            "hashes": [
                "sha256:51e7485703aa98f0b35bae3c34bd73b8a60526b5d19cd81ec68e47eee42e03ed"
            ],
            "index": "pypi",
            "version": "==1.6.1"
        },
        "loguru": {
            "hashes": [
                "sha256:b28e72ac7a98be3d28ad28570299a393dfcd32e5e3f6a353dec94675767b6319",
                "sha256:f8087ac396b5ee5f67c963b495d615ebbceac2796379599820e324419d53667c"
            ],
            "markers": "python_version >= '3.5'",
            "version": "==0.5.3"
        },
        "msal": {
            "hashes": [
                "sha256:04e3cb7bb75c51f56d290381f23056207df1f3eb594ed03d38551f3b16d2a36e",
                "sha256:5a52d78e70d2c451e267c1e8c2342e4c06f495c75c859aeafd9260d3974f09fe"
            ],
            "index": "pypi",
            "version": "==1.17.0"
        },
        "notify-py": {
            "hashes": [
                "sha256:8561c7d363eddad3b07be11405135e168c2f52e42bdbfc7f2e613b07a8e7bae0",
                "sha256:9b9f689631ddba2ec1313fe4b4d19b8f1f032b38bbdc118b21cdd880c134e8a6"
            ],
            "index": "pypi",
            "version": "==0.3.3"
        },
        "pycparser": {
            "hashes": [
                "sha256:8ee45429555515e1f6b185e78100aea234072576aa43ab53aefcae078162fca9",
                "sha256:e644fdec12f7872f86c58ff790da456218b10f863970249516d60a5eaca77206"
            ],
            "markers": "python_version >= '2.7' and python_version not in '3.0, 3.1, 3.2, 3.3'",
            "version": "==2.21"
        },
        "pyjwt": {
            "extras": [
                "crypto"
            ],
            "hashes": [
                "sha256:b888b4d56f06f6dcd777210c334e69c737be74755d3e5e9ee3fe67dc18a0ee41",
                "sha256:e0c4bb8d9f0af0c7f5b1ec4c5036309617d03d56932877f2f7a0beeb5318322f"
            ],
            "markers": "python_version >= '3.6'",
            "version": "==2.3.0"
        },
        "requests": {
            "hashes": [
                "sha256:68d7c56fd5a8999887728ef304a6d12edc7be74f1cfa47714fc8b414525c9a61",
                "sha256:f22fa1e554c9ddfd16e6e41ac79759e17be9e492b3587efa038054674760e72d"
            ],
            "index": "pypi",
            "version": "==2.27.1"
        },
        "setuptools": {
            "hashes": [
                "sha256:26ead7d1f93efc0f8c804d9fafafbe4a44b179580a7105754b245155f9af05a8",
                "sha256:47c7b0c0f8fc10eec4cf1e71c6fdadf8decaa74ffa087e68cd1c20db7ad6a592"
            ],
            "markers": "python_version >= '3.7'",
            "version": "==62.1.0"
        },
        "typer": {
            "hashes": [
                "sha256:5646aef0d936b2c761a10393f0384ee6b5c7fe0bb3e5cd710b17134ca1d99cff",
                "sha256:e8467f0ebac0c81366c2168d6ad9f888efdfb6d4e1d3d5b4a004f46fa444b5c3"
            ],
            "markers": "python_version >= '3.6'",
            "version": "==0.4.1"
        },
        "typish": {
            "hashes": [
                "sha256:03cfee5e6eb856dbf90244e18f4e4c41044c8790d5779f4e775f63f982e2f896"
            ],
            "version": "==1.9.3"
        },
        "urllib3": {
            "hashes": [
                "sha256:44ece4d53fb1706f667c9bd1c648f5469a2ec925fcf3a776667042d645472c14",
                "sha256:aabaf16477806a5e1dd19aa41f8c2b7950dd3c746362d7e3223dbe6de6ac448e"
            ],
            "markers": "python_version >= '2.7' and python_version not in '3.0, 3.1, 3.2, 3.3, 3.4' and python_version < '4.0'",
            "version": "==1.26.9"
        },
        "webcolors": {
            "hashes": [
                "sha256:76f360636957d1c976db7466bc71dcb713bb95ac8911944dffc55c01cb516de6",
                "sha256:b8cd5d865a25c51ff1218f0c90d0c0781fc64312a49b746b320cf50de1648f6e"
            ],
            "markers": "python_version >= '3.5'",
            "version": "==1.11.1"
        }
    },
    "develop": {
        "attrs": {
            "hashes": [
                "sha256:2d27e3784d7a565d36ab851fe94887c5eccd6a463168875832a1be79c82828b4",
                "sha256:626ba8234211db98e869df76230a137c4c40a12d72445c45d5f5b716f076e2fd"
            ],
            "markers": "python_version >= '2.7' and python_version not in '3.0, 3.1, 3.2, 3.3, 3.4'",
            "version": "==21.4.0"
        },
        "autopep8": {
            "hashes": [
                "sha256:44f0932855039d2c15c4510d6df665e4730f2b8582704fa48f9c55bd3e17d979",
                "sha256:ed77137193bbac52d029a52c59bec1b0629b5a186c495f1eb21b126ac466083f"
            ],
            "index": "pypi",
            "version": "==1.6.0"
        },
        "flake8": {
            "hashes": [
                "sha256:479b1304f72536a55948cb40a32dce8bb0ffe3501e26eaf292c7e60eb5e0428d",
                "sha256:806e034dda44114815e23c16ef92f95c91e4c71100ff52813adf7132a6ad870d"
            ],
            "index": "pypi",
            "version": "==4.0.1"
        },
        "iniconfig": {
            "hashes": [
                "sha256:011e24c64b7f47f6ebd835bb12a743f2fbe9a26d4cecaa7f53bc4f35ee9da8b3",
                "sha256:bc3af051d7d14b2ee5ef9969666def0cd1a000e121eaea580d4a313df4b37f32"
            ],
            "version": "==1.1.1"
        },
        "mccabe": {
            "hashes": [
                "sha256:ab8a6258860da4b6677da4bd2fe5dc2c659cff31b3ee4f7f5d64e79735b80d42",
                "sha256:dd8d182285a0fe56bace7f45b5e7d1a6ebcbf524e8f3bd87eb0f125271b8831f"
            ],
            "version": "==0.6.1"
        },
        "packaging": {
            "hashes": [
                "sha256:dd47c42927d89ab911e606518907cc2d3a1f38bbd026385970643f9c5b8ecfeb",
                "sha256:ef103e05f519cdc783ae24ea4e2e0f508a9c99b2d4969652eed6a2e1ea5bd522"
            ],
            "markers": "python_version >= '3.6'",
            "version": "==21.3"
        },
        "pluggy": {
            "hashes": [
                "sha256:4224373bacce55f955a878bf9cfa763c1e360858e330072059e10bad68531159",
                "sha256:74134bbf457f031a36d68416e1509f34bd5ccc019f0bcc952c7b909d06b37bd3"
            ],
            "markers": "python_version >= '3.6'",
            "version": "==1.0.0"
        },
        "py": {
            "hashes": [
                "sha256:51c75c4126074b472f746a24399ad32f6053d1b34b68d2fa41e558e6f4a98719",
                "sha256:607c53218732647dff4acdfcd50cb62615cedf612e72d1724fb1a0cc6405b378"
            ],
            "markers": "python_version >= '2.7' and python_version not in '3.0, 3.1, 3.2, 3.3, 3.4'",
            "version": "==1.11.0"
        },
        "pycodestyle": {
            "hashes": [
                "sha256:720f8b39dde8b293825e7ff02c475f3077124006db4f440dcbc9a20b76548a20",
                "sha256:eddd5847ef438ea1c7870ca7eb78a9d47ce0cdb4851a5523949f2601d0cbbe7f"
            ],
            "markers": "python_version >= '2.7' and python_version not in '3.0, 3.1, 3.2, 3.3, 3.4'",
            "version": "==2.8.0"
        },
        "pyflakes": {
            "hashes": [
                "sha256:05a85c2872edf37a4ed30b0cce2f6093e1d0581f8c19d7393122da7e25b2b24c",
                "sha256:3bb3a3f256f4b7968c9c788781e4ff07dce46bdf12339dcda61053375426ee2e"
            ],
            "markers": "python_version >= '2.7' and python_version not in '3.0, 3.1, 3.2, 3.3'",
            "version": "==2.4.0"
        },
        "pyparsing": {
            "hashes": [
                "sha256:7bf433498c016c4314268d95df76c81b842a4cb2b276fa3312cfb1e1d85f6954",
                "sha256:ef7b523f6356f763771559412c0d7134753f037822dad1b16945b7b846f7ad06"
            ],
            "markers": "python_full_version >= '3.6.8'",
            "version": "==3.0.8"
        },
        "pytest": {
            "hashes": [
                "sha256:841132caef6b1ad17a9afde46dc4f6cfa59a05f9555aae5151f73bdf2820ca63",
                "sha256:92f723789a8fdd7180b6b06483874feca4c48a5c76968e03bb3e7f806a1869ea"
            ],
            "index": "pypi",
            "version": "==7.1.1"
        },
        "rope": {
            "hashes": [
                "sha256:16f652d3002296778d463db329da6a05d914a4dbde30ea6da76362da06c0ebb7",
                "sha256:67749b582d57954f288b0441fae93e8f4c166d7e93fc29c430bd4db28ec904d0"
            ],
            "index": "pypi",
            "version": "==1.0.0"
        },
        "toml": {
            "hashes": [
                "sha256:806143ae5bfb6a3c6e736a764057db0e6a0e05e338b5630894a5f779cabb4f9b",
                "sha256:b3bda1d108d5dd99f4a20d24d9c348e91c4db7ab1b749200bded2f839ccbe68f"
            ],
            "markers": "python_version >= '2.6' and python_version not in '3.0, 3.1, 3.2, 3.3'",
            "version": "==0.10.2"
        },
        "tomli": {
            "hashes": [
                "sha256:939de3e7a6161af0c887ef91b7d41a53e7c5a1ca976325f429cb46ea9bc30ecc",
                "sha256:de526c12914f0c550d15924c62d72abc48d6fe7364aa87328337a31007fe8a4f"
            ],
            "markers": "python_version >= '3.7'",
            "version": "==2.0.1"
        }
    }
}
